
Microsoft Visual Studio Solution File, Format Version 12.00
# Visual Studio Version 17
VisualStudioVersion = 17.10.34928.147
MinimumVisualStudioVersion = 10.0.40219.1
Project("{FAE04EC0-301F-11D3-BF4B-00C04F79EFBC}") = "FCG", "FCG.csproj", "{0713D2C1-E809-4168-969A-65D5FA6283B5}"
EndProject
Global
	GlobalSection(SolutionConfigurationPlatforms) = preSolution
		Debug|Any CPU = Debug|Any CPU
		Release|Any CPU = Release|Any CPU
	EndGlobalSection
	GlobalSection(ProjectConfigurationPlatforms) = postSolution
		{0713D2C1-E809-4168-969A-65D5FA6283B5}.Debug|Any CPU.ActiveCfg = Debug|Any CPU
		{0713D2C1-E809-4168-969A-65D5FA6283B5}.Debug|Any CPU.Build.0 = Debug|Any CPU
		{0713D2C1-E809-4168-969A-65D5FA6283B5}.Release|Any CPU.ActiveCfg = Release|Any CPU
		{0713D2C1-E809-4168-969A-65D5FA6283B5}.Release|Any CPU.Build.0 = Release|Any CPU
	EndGlobalSection
	GlobalSection(SolutionProperties) = preSolution
		HideSolutionNode = FALSE
	EndGlobalSection
	GlobalSection(ExtensibilityGlobals) = postSolution
		SolutionGuid = {E3E14BA6-9CD0-4BB9-8450-FAC019E7AD51}
	EndGlobalSection
EndGlobal
